Microsoft Visual Studio Solution File, Format Version 11.00
# Visual Studio 2015
Project("{AB84307A-3311-A3EA-BC72-530F5B1EA51F}") = "spatServerGRIS", "spatServerGRIS.vcxproj", "{2BD45EC6-F795-38E9-D12F-739BB84D7151}"
EndProject
Global
	GlobalSection(SolutionConfigurationPlatforms) = preSolution
		Debug|Win32 = Debug|Win32
		Release|Win32 = Release|Win32
	EndGlobalSection
	GlobalSection(ProjectConfigurationPlatforms) = postSolution
		{2BD45EC6-F795-38E9-D12F-739BB84D7151}.Debug|Win32.ActiveCfg = Debug|Win32
		{2BD45EC6-F795-38E9-D12F-739BB84D7151}.Debug|Win32.Build.0 = Debug|Win32
		{2BD45EC6-F795-38E9-D12F-739BB84D7151}.Release|Win32.ActiveCfg = Release|Win32
		{2BD45EC6-F795-38E9-D12F-739BB84D7151}.Release|Win32.Build.0 = Release|Win32
	EndGlobalSection
	GlobalSection(SolutionProperties) = preSolution
		HideSolutionNode = FALSE
	EndGlobalSection
EndGlobal
